github.com/mattn/go-runewidth v0.0.3-0.20170510074858-97311d9f7767 h1:/Df5WsCmjFyY0AT2fgEvlF2fHQ6sWyuRzgYXvgSh4ec=
github.com/mattn/go-runewidth v0.0.3-0.20170510074858-97311d9f7767/go.mod h1:LwmH8dsx7+W8Uxz3IHJYH5QSwggIsqBzpuz5H//U1FU=
github.com/nsf/termbox-go v0.0.0-20170618124641-72800b73ab9a h1:6XuKfa1obn7ZDFOn40PXuIBsalMGGRdM5kNyVad6PVw=
github.com/nsf/termbox-go v0.0.0-20170618124641-72800b73ab9a/go.mod h1:IuKpRQcYE1Tfu+oAQqaLisqDeXgjyyltCfsaoYN18NQ=
